
Microsoft Visual Studio Solution File, Format Version 12.00
# Visual Studio 15
VisualStudioVersion = 15.0.27703.2042
MinimumVisualStudioVersion = 10.0.40219.1
Project("{FAE04EC0-301F-11D3-BF4B-00C04F79EFBC}") = "ChilindoTechTest.Api", "ChilindoTechTest.Api\ChilindoTechTest.Api.csproj", "{1F2C3302-3058-4E5B-A13C-D1472FE78B19}"
EndProject
Project("{FAE04EC0-301F-11D3-BF4B-00C04F79EFBC}") = "ChilindoTechTest.Core", "ChilindoTechTest.Core\ChilindoTechTest.Core.csproj", "{2839765B-0E48-40FA-8098-5CCA7D652CCB}"
EndProject
Project("{FAE04EC0-301F-11D3-BF4B-00C04F79EFBC}") = "ChilindoTechTest.Common", "ChilindoTechTest.Common\ChilindoTechTest.Common.csproj", "{599D50A3-6337-4181-96B9-E2353824A0EE}"
EndProject
Project("{FAE04EC0-301F-11D3-BF4B-00C04F79EFBC}") = "ChilindoTechTest.RESTClient", "ChilindoTechTest.RESTClient\ChilindoTechTest.RESTClient.csproj", "{EC997CC3-748C-4F25-9669-5F5DAB3D0875}"
EndProject
Project("{FAE04EC0-301F-11D3-BF4B-00C04F79EFBC}") = "ChilindoTechTest.UnitTest", "ChilindoTechTest.UnitTest\ChilindoTechTest.UnitTest.csproj", "{176B3EB6-9DDD-437A-80E5-C88E18805669}"
EndProject
Global
	GlobalSection(SolutionConfigurationPlatforms) = preSolution
		Debug|Any CPU = Debug|Any CPU
		Release|Any CPU = Release|Any CPU
	EndGlobalSection
	GlobalSection(ProjectConfigurationPlatforms) = postSolution
		{1F2C3302-3058-4E5B-A13C-D1472FE78B19}.Debug|Any CPU.ActiveCfg = Debug|Any CPU
		{1F2C3302-3058-4E5B-A13C-D1472FE78B19}.Debug|Any CPU.Build.0 = Debug|Any CPU
		{1F2C3302-3058-4E5B-A13C-D1472FE78B19}.Release|Any CPU.ActiveCfg = Release|Any CPU
		{1F2C3302-3058-4E5B-A13C-D1472FE78B19}.Release|Any CPU.Build.0 = Release|Any CPU
		{2839765B-0E48-40FA-8098-5CCA7D652CCB}.Debug|Any CPU.ActiveCfg = Debug|Any CPU
		{2839765B-0E48-40FA-8098-5CCA7D652CCB}.Debug|Any CPU.Build.0 = Debug|Any CPU
		{2839765B-0E48-40FA-8098-5CCA7D652CCB}.Release|Any CPU.ActiveCfg = Release|Any CPU
		{2839765B-0E48-40FA-8098-5CCA7D652CCB}.Release|Any CPU.Build.0 = Release|Any CPU
		{599D50A3-6337-4181-96B9-E2353824A0EE}.Debug|Any CPU.ActiveCfg = Debug|Any CPU
		{599D50A3-6337-4181-96B9-E2353824A0EE}.Debug|Any CPU.Build.0 = Debug|Any CPU
		{599D50A3-6337-4181-96B9-E2353824A0EE}.Release|Any CPU.ActiveCfg = Release|Any CPU
		{599D50A3-6337-4181-96B9-E2353824A0EE}.Release|Any CPU.Build.0 = Release|Any CPU
		{EC997CC3-748C-4F25-9669-5F5DAB3D0875}.Debug|Any CPU.ActiveCfg = Debug|Any CPU
		{EC997CC3-748C-4F25-9669-5F5DAB3D0875}.Debug|Any CPU.Build.0 = Debug|Any CPU
		{EC997CC3-748C-4F25-9669-5F5DAB3D0875}.Release|Any CPU.ActiveCfg = Release|Any CPU
		{EC997CC3-748C-4F25-9669-5F5DAB3D0875}.Release|Any CPU.Build.0 = Release|Any CPU
		{176B3EB6-9DDD-437A-80E5-C88E18805669}.Debug|Any CPU.ActiveCfg = Debug|Any CPU
		{176B3EB6-9DDD-437A-80E5-C88E18805669}.Debug|Any CPU.Build.0 = Debug|Any CPU
		{176B3EB6-9DDD-437A-80E5-C88E18805669}.Release|Any CPU.ActiveCfg = Release|Any CPU
		{176B3EB6-9DDD-437A-80E5-C88E18805669}.Release|Any CPU.Build.0 = Release|Any CPU
	EndGlobalSection
	GlobalSection(SolutionProperties) = preSolution
		HideSolutionNode = FALSE
	EndGlobalSection
	GlobalSection(ExtensibilityGlobals) = postSolution
		SolutionGuid = {A42B5C02-76F2-4D72-B3D9-C6D3F2E62861}
	EndGlobalSection
EndGlobal
